
Microsoft Visual Studio Solution File, Format Version 12.00
# Visual Studio Version 17
VisualStudioVersion = 17.4.33122.133
MinimumVisualStudioVersion = 10.0.40219.1
Project("{FAE04EC0-301F-11D3-BF4B-00C04F79EFBC}") = "App1", "App1\App1.csproj", "{989C5342-0876-4090-A793-57CA6ED967F0}"
EndProject
Global
	GlobalSection(SolutionConfigurationPlatforms) = preSolution
		Debug|Any CPU = Debug|Any CPU
		Release|Any CPU = Release|Any CPU
	EndGlobalSection
	GlobalSection(ProjectConfigurationPlatforms) = postSolution
		{989C5342-0876-4090-A793-57CA6ED967F0}.Debug|Any CPU.ActiveCfg = Debug|Any CPU
		{989C5342-0876-4090-A793-57CA6ED967F0}.Debug|Any CPU.Build.0 = Debug|Any CPU
		{989C5342-0876-4090-A793-57CA6ED967F0}.Debug|Any CPU.Deploy.0 = Debug|Any CPU
		{989C5342-0876-4090-A793-57CA6ED967F0}.Release|Any CPU.ActiveCfg = Release|Any CPU
		{989C5342-0876-4090-A793-57CA6ED967F0}.Release|Any CPU.Build.0 = Release|Any CPU
		{989C5342-0876-4090-A793-57CA6ED967F0}.Release|Any CPU.Deploy.0 = Release|Any CPU
	EndGlobalSection
	GlobalSection(SolutionProperties) = preSolution
		HideSolutionNode = FALSE
	EndGlobalSection
	GlobalSection(ExtensibilityGlobals) = postSolution
		SolutionGuid = {459944D0-F206-4F07-A8F7-365D3CA04332}
	EndGlobalSection
EndGlobal
